
Microsoft Visual Studio Solution File, Format Version 12.00
# Visual Studio 15
VisualStudioVersion = 15.0.26730.16
MinimumVisualStudioVersion = 10.0.40219.1
Project("{FAE04EC0-301F-11D3-BF4B-00C04F79EFBC}") = "JournalScreenControl.UI", "JournalScreenControl.UI\JournalScreenControl.UI.csproj", "{653D5079-C8DF-4F0E-B00D-A4A1DEF1DC1A}"
EndProject
Project("{FAE04EC0-301F-11D3-BF4B-00C04F79EFBC}") = "JournalScreenControl.Navigation", "JournalScreenControl.Navigation\JournalScreenControl.Navigation.csproj", "{156BFB49-472E-4057-B871-C3734AB4A8CD}"
EndProject
Project("{FAE04EC0-301F-11D3-BF4B-00C04F79EFBC}") = "JournalScreenControl.Core", "JournalScreenControl.Core\JournalScreenControl.Core.csproj", "{7E6A8681-CF34-4D40-999A-3F1C84BC6ED8}"
EndProject
Project("{FAE04EC0-301F-11D3-BF4B-00C04F79EFBC}") = "JournalScreenControl.Data", "JournalScreenControl.Data\JournalScreenControl.Data.csproj", "{197FF40F-A25E-4D89-84ED-9524AE60469D}"
EndProject
Project("{FAE04EC0-301F-11D3-BF4B-00C04F79EFBC}") = "JournalScreenControl.Application", "JournalScreenControl.Application\JournalScreenControl.Application.csproj", "{9EDB3905-19A2-45A7-968A-88DCBEAC719E}"
EndProject
Global
	GlobalSection(SolutionConfigurationPlatforms) = preSolution
		Debug|Any CPU = Debug|Any CPU
		Release|Any CPU = Release|Any CPU
	EndGlobalSection
	GlobalSection(ProjectConfigurationPlatforms) = postSolution
		{653D5079-C8DF-4F0E-B00D-A4A1DEF1DC1A}.Debug|Any CPU.ActiveCfg = Debug|Any CPU
		{653D5079-C8DF-4F0E-B00D-A4A1DEF1DC1A}.Debug|Any CPU.Build.0 = Debug|Any CPU
		{653D5079-C8DF-4F0E-B00D-A4A1DEF1DC1A}.Release|Any CPU.ActiveCfg = Release|Any CPU
		{653D5079-C8DF-4F0E-B00D-A4A1DEF1DC1A}.Release|Any CPU.Build.0 = Release|Any CPU
		{156BFB49-472E-4057-B871-C3734AB4A8CD}.Debug|Any CPU.ActiveCfg = Debug|Any CPU
		{156BFB49-472E-4057-B871-C3734AB4A8CD}.Debug|Any CPU.Build.0 = Debug|Any CPU
		{156BFB49-472E-4057-B871-C3734AB4A8CD}.Release|Any CPU.ActiveCfg = Release|Any CPU
		{156BFB49-472E-4057-B871-C3734AB4A8CD}.Release|Any CPU.Build.0 = Release|Any CPU
		{7E6A8681-CF34-4D40-999A-3F1C84BC6ED8}.Debug|Any CPU.ActiveCfg = Debug|Any CPU
		{7E6A8681-CF34-4D40-999A-3F1C84BC6ED8}.Debug|Any CPU.Build.0 = Debug|Any CPU
		{7E6A8681-CF34-4D40-999A-3F1C84BC6ED8}.Release|Any CPU.ActiveCfg = Release|Any CPU
		{7E6A8681-CF34-4D40-999A-3F1C84BC6ED8}.Release|Any CPU.Build.0 = Release|Any CPU
		{197FF40F-A25E-4D89-84ED-9524AE60469D}.Debug|Any CPU.ActiveCfg = Debug|Any CPU
		{197FF40F-A25E-4D89-84ED-9524AE60469D}.Debug|Any CPU.Build.0 = Debug|Any CPU
		{197FF40F-A25E-4D89-84ED-9524AE60469D}.Release|Any CPU.ActiveCfg = Release|Any CPU
		{197FF40F-A25E-4D89-84ED-9524AE60469D}.Release|Any CPU.Build.0 = Release|Any CPU
		{9EDB3905-19A2-45A7-968A-88DCBEAC719E}.Debug|Any CPU.ActiveCfg = Debug|Any CPU
		{9EDB3905-19A2-45A7-968A-88DCBEAC719E}.Debug|Any CPU.Build.0 = Debug|Any CPU
		{9EDB3905-19A2-45A7-968A-88DCBEAC719E}.Release|Any CPU.ActiveCfg = Release|Any CPU
		{9EDB3905-19A2-45A7-968A-88DCBEAC719E}.Release|Any CPU.Build.0 = Release|Any CPU
	EndGlobalSection
	GlobalSection(SolutionProperties) = preSolution
		HideSolutionNode = FALSE
	EndGlobalSection
	GlobalSection(ExtensibilityGlobals) = postSolution
		SolutionGuid = {762C2802-4B1B-43DB-AACA-79FCC77E4632}
	EndGlobalSection
EndGlobal
