
Microsoft Visual Studio Solution File, Format Version 12.00
# Visual Studio 14
VisualStudioVersion = 14.0.25420.1
MinimumVisualStudioVersion = 10.0.40219.1
Project("{FAE04EC0-301F-11D3-BF4B-00C04F79EFBC}") = "Atualizado de Executaveis de Driveres", "Atualizado de Executaveis de Driveres\Atualizado de Executaveis de Driveres.csproj", "{998010A7-9B4B-445A-826E-3C8436C53CFA}"
EndProject
Global
	GlobalSection(SolutionConfigurationPlatforms) = preSolution
		Debug|Any CPU = Debug|Any CPU
		Release|Any CPU = Release|Any CPU
	EndGlobalSection
	GlobalSection(ProjectConfigurationPlatforms) = postSolution
		{998010A7-9B4B-445A-826E-3C8436C53CFA}.Debug|Any CPU.ActiveCfg = Debug|Any CPU
		{998010A7-9B4B-445A-826E-3C8436C53CFA}.Debug|Any CPU.Build.0 = Debug|Any CPU
		{998010A7-9B4B-445A-826E-3C8436C53CFA}.Release|Any CPU.ActiveCfg = Release|Any CPU
		{998010A7-9B4B-445A-826E-3C8436C53CFA}.Release|Any CPU.Build.0 = Release|Any CPU
	EndGlobalSection
	GlobalSection(SolutionProperties) = preSolution
		HideSolutionNode = FALSE
	EndGlobalSection
EndGlobal
